# This file is automatically @generated by Cargo.
# It is not intended for manual editing.
version = 3

[[package]]
name = "cogno-cli"
version = "0.0.1"
dependencies = [
 "cogno-core",
 "cogno-model",
 "cogno-runtime",
]

[[package]]
name = "cogno-core"
version = "0.0.1"

[[package]]
name = "cogno-model"
version = "0.0.1"
dependencies = [
 "cogno-core",
]

[[package]]
name = "cogno-runtime"
version = "0.0.1"
dependencies = [
 "cogno-core",
]
